// !$*UTF8*$!
{
	archiveVersion = 1;
	classes = {
	};
	objectVersion = 50;
	objects = {

/* Begin PBXBuildFile section */
		84965B6820A3D90B0090D2BC /* AppDelegate.m in Sources */ = {isa = PBXBuildFile; fileRef = 84965B6720A3D90B0090D2BC /* AppDelegate.m */; };
		84965B6B20A3D90B0090D2BC /* ViewController.m in Sources */ = {isa = PBXBuildFile; fileRef = 84965B6A20A3D90B0090D2BC /* ViewController.m */; };
		84965B6E20A3D90B0090D2BC /* Main.storyboard in Resources */ = {isa = PBXBuildFile; fileRef = 84965B6C20A3D90B0090D2BC /* Main.storyboard */; };
		84965B7020A3D90B0090D2BC /* Assets.xcassets in Resources */ = {isa = PBXBuildFile; fileRef = 84965B6F20A3D90B0090D2BC /* Assets.xcassets */; };
		84965B7320A3D90B0090D2BC /* LaunchScreen.storyboard in Resources */ = {isa = PBXBuildFile; fileRef = 84965B7120A3D90B0090D2BC /* LaunchScreen.storyboard */; };
		84965B7620A3D90B0090D2BC /* main.m in Sources */ = {isa = PBXBuildFile; fileRef = 84965B7520A3D90B0090D2BC /* main.m */; };
		84965B8020A3D90B0090D2BC /* CustomTagTests.m in Sources */ = {isa = PBXBuildFile; fileRef = 84965B7F20A3D90B0090D2BC /* CustomTagTests.m */; };
		84965B8B20A3D90C0090D2BC /* CustomTagUITests.m in Sources */ = {isa = PBXBuildFile; fileRef = 84965B8A20A3D90C0090D2BC /* CustomTagUITests.m */; };
/* End PBXBuildFile section */

/* Begin PBXContainerItemProxy section */
		84965B7C20A3D90B0090D2BC /* PBXContainerItemProxy */ = {
			isa = PBXContainerItemProxy;
			containerPortal = 84965B5B20A3D90B0090D2BC /* Project object */;
			proxyType = 1;
			remoteGlobalIDString = 84965B6220A3D90B0090D2BC;
			remoteInfo = CustomTag;
		};
		84965B8720A3D90C0090D2BC /* PBXContainerItemProxy */ = {
			isa = PBXContainerItemProxy;
			containerPortal = 84965B5B20A3D90B0090D2BC /* Project object */;
			proxyType = 1;
			remoteGlobalIDString = 84965B6220A3D90B0090D2BC;
			remoteInfo = CustomTag;
		};
/* End PBXContainerItemProxy section */

/* Begin PBXFileReference section */
		84965B6320A3D90B0090D2BC /* CustomTag.app */ = {isa = PBXFileReference; explicitFileType = wrapper.application; includeInIndex = 0; path = CustomTag.app; sourceTree = BUILT_PRODUCTS_DIR; };
		84965B6620A3D90B0090D2BC /* AppDelegate.h */ = {isa = PBXFileReference; lastKnownFileType = sourcecode.c.h; path = AppDelegate.h; sourceTree = "<group>"; };
		84965B6720A3D90B0090D2BC /* AppDelegate.m */ = {isa = PBXFileReference; lastKnownFileType = sourcecode.c.objc; path = AppDelegate.m; sourceTree = "<group>"; };
		84965B6920A3D90B0090D2BC /* ViewController.h */ = {isa = PBXFileReference; lastKnownFileType = sourcecode.c.h; path = ViewController.h; sourceTree = "<group>"; };
		84965B6A20A3D90B0090D2BC /* ViewController.m */ = {isa = PBXFileReference; lastKnownFileType = sourcecode.c.objc; path = ViewController.m; sourceTree = "<group>"; };
		84965B6D20A3D90B0090D2BC /* Base */ = {isa = PBXFileReference; lastKnownFileType = file.storyboard; name = Base; path = Base.lproj/Main.storyboard; sourceTree = "<group>"; };
		84965B6F20A3D90B0090D2BC /* Assets.xcassets */ = {isa = PBXFileReference; lastKnownFileType = folder.assetcatalog; path = Assets.xcassets; sourceTree = "<group>"; };
		84965B7220A3D90B0090D2BC /* Base */ = {isa = PBXFileReference; lastKnownFileType = file.storyboard; name = Base; path = Base.lproj/LaunchScreen.storyboard; sourceTree = "<group>"; };
		84965B7420A3D90B0090D2BC /* Info.plist */ = {isa = PBXFileReference; lastKnownFileType = text.plist.xml; path = Info.plist; sourceTree = "<group>"; };
		84965B7520A3D90B0090D2BC /* main.m */ = {isa = PBXFileReference; lastKnownFileType = sourcecode.c.objc; path = main.m; sourceTree = "<group>"; };
		84965B7B20A3D90B0090D2BC /* CustomTagTests.xctest */ = {isa = PBXFileReference; explicitFileType = wrapper.cfbundle; includeInIndex = 0; path = CustomTagTests.xctest; sourceTree = BUILT_PRODUCTS_DIR; };
		84965B7F20A3D90B0090D2BC /* CustomTagTests.m */ = {isa = PBXFileReference; lastKnownFileType = sourcecode.c.objc; path = CustomTagTests.m; sourceTree = "<group>"; };
		84965B8120A3D90C0090D2BC /* Info.plist */ = {isa = PBXFileReference; lastKnownFileType = text.plist.xml; path = Info.plist; sourceTree = "<group>"; };
		84965B8620A3D90C0090D2BC /* CustomTagUITests.xctest */ = {isa = PBXFileReference; explicitFileType = wrapper.cfbundle; includeInIndex = 0; path = CustomTagUITests.xctest; sourceTree = BUILT_PRODUCTS_DIR; };
		84965B8A20A3D90C0090D2BC /* CustomTagUITests.m */ = {isa = PBXFileReference; lastKnownFileType = sourcecode.c.objc; path = CustomTagUITests.m; sourceTree = "<group>"; };
		84965B8C20A3D90C0090D2BC /* Info.plist */ = {isa = PBXFileReference; lastKnownFileType = text.plist.xml; path = Info.plist; sourceTree = "<group>"; };
/* End PBXFileReference section */

/* Begin PBXFrameworksBuildPhase section */
		84965B6020A3D90B0090D2BC /* Frameworks */ = {
			isa = PBXFrameworksBuildPhase;
			buildActionMask = 2147483647;
			files = (
			);
			runOnlyForDeploymentPostprocessing = 0;
		};
		84965B7820A3D90B0090D2BC /* Frameworks */ = {
			isa = PBXFrameworksBuildPhase;
			buildActionMask = 2147483647;
			files = (
			);
			runOnlyForDeploymentPostprocessing = 0;
		};
		84965B8320A3D90C0090D2BC /* Frameworks */ = {
			isa = PBXFrameworksBuildPhase;
			buildActionMask = 2147483647;
			files = (
			);
			runOnlyForDeploymentPostprocessing = 0;
		};
/* End PBXFrameworksBuildPhase section */

/* Begin PBXGroup section */
		84965B5A20A3D90B0090D2BC = {
			isa = PBXGroup;
			children = (
				84965B6520A3D90B0090D2BC /* CustomTag */,
				84965B7E20A3D90B0090D2BC /* CustomTagTests */,
				84965B8920A3D90C0090D2BC /* CustomTagUITests */,
				84965B6420A3D90B0090D2BC /* Products */,
			);
			sourceTree = "<group>";
		};
		84965B6420A3D90B0090D2BC /* Products */ = {
			isa = PBXGroup;
			children = (
				84965B6320A3D90B0090D2BC /* CustomTag.app */,
				84965B7B20A3D90B0090D2BC /* CustomTagTests.xctest */,
				84965B8620A3D90C0090D2BC /* CustomTagUITests.xctest */,
			);
			name = Products;
			sourceTree = "<group>";
		};
		84965B6520A3D90B0090D2BC /* CustomTag */ = {
			isa = PBXGroup;
			children = (
				84965B6620A3D90B0090D2BC /* AppDelegate.h */,
				84965B6720A3D90B0090D2BC /* AppDelegate.m */,
				84965B6920A3D90B0090D2BC /* ViewController.h */,
				84965B6A20A3D90B0090D2BC /* ViewController.m */,
				84965B6C20A3D90B0090D2BC /* Main.storyboard */,
				84965B6F20A3D90B0090D2BC /* Assets.xcassets */,
				84965B7120A3D90B0090D2BC /* LaunchScreen.storyboard */,
				84965B7420A3D90B0090D2BC /* Info.plist */,
				84965B7520A3D90B0090D2BC /* main.m */,
			);
			path = CustomTag;
			sourceTree = "<group>";
		};
		84965B7E20A3D90B0090D2BC /* CustomTagTests */ = {
			isa = PBXGroup;
			children = (
				84965B7F20A3D90B0090D2BC /* CustomTagTests.m */,
				84965B8120A3D90C0090D2BC /* Info.plist */,
			);
			path = CustomTagTests;
			sourceTree = "<group>";
		};
		84965B8920A3D90C0090D2BC /* CustomTagUITests */ = {
			isa = PBXGroup;
			children = (
				84965B8A20A3D90C0090D2BC /* CustomTagUITests.m */,
				84965B8C20A3D90C0090D2BC /* Info.plist */,
			);
			path = CustomTagUITests;
			sourceTree = "<group>";
		};
/* End PBXGroup section */

/* Begin PBXNativeTarget section */
		84965B6220A3D90B0090D2BC /* CustomTag */ = {
			isa = PBXNativeTarget;
			buildConfigurationList = 84965B8F20A3D90C0090D2BC /* Build configuration list for PBXNativeTarget "CustomTag" */;
			buildPhases = (
				84965B5F20A3D90B0090D2BC /* Sources */,
				84965B6020A3D90B0090D2BC /* Frameworks */,
				84965B6120A3D90B0090D2BC /* Resources */,
			);
			buildRules = (
			);
			dependencies = (
			);
			name = CustomTag;
			productName = CustomTag;
			productReference = 84965B6320A3D90B0090D2BC /* CustomTag.app */;
			productType = "com.apple.product-type.application";
		};
		84965B7A20A3D90B0090D2BC /* CustomTagTests */ = {
			isa = PBXNativeTarget;
			buildConfigurationList = 84965B9220A3D90C0090D2BC /* Build configuration list for PBXNativeTarget "CustomTagTests" */;
			buildPhases = (
				84965B7720A3D90B0090D2BC /* Sources */,
				84965B7820A3D90B0090D2BC /* Frameworks */,
				84965B7920A3D90B0090D2BC /* Resources */,
			);
			buildRules = (
			);
			dependencies = (
				84965B7D20A3D90B0090D2BC /* PBXTargetDependency */,
			);
			name = CustomTagTests;
			productName = CustomTagTests;
			productReference = 84965B7B20A3D90B0090D2BC /* CustomTagTests.xctest */;
			productType = "com.apple.product-type.bundle.unit-test";
		};
		84965B8520A3D90C0090D2BC /* CustomTagUITests */ = {
			isa = PBXNativeTarget;
			buildConfigurationList = 84965B9520A3D90C0090D2BC /* Build configuration list for PBXNativeTarget "CustomTagUITests" */;
			buildPhases = (
				84965B8220A3D90C0090D2BC /* Sources */,
				84965B8320A3D90C0090D2BC /* Frameworks */,
				84965B8420A3D90C0090D2BC /* Resources */,
			);
			buildRules = (
			);
			dependencies = (
				84965B8820A3D90C0090D2BC /* PBXTargetDependency */,
			);
			name = CustomTagUITests;
			productName = CustomTagUITests;
			productReference = 84965B8620A3D90C0090D2BC /* CustomTagUITests.xctest */;
			productType = "com.apple.product-type.bundle.ui-testing";
		};
/* End PBXNativeTarget section */

/* Begin PBXProject section */
		84965B5B20A3D90B0090D2BC /* Project object */ = {
			isa = PBXProject;
			attributes = {
				LastUpgradeCheck = 0930;
				ORGANIZATIONNAME = Admin;
				TargetAttributes = {
					84965B6220A3D90B0090D2BC = {
						CreatedOnToolsVersion = 9.3;
					};
					84965B7A20A3D90B0090D2BC = {
						CreatedOnToolsVersion = 9.3;
						TestTargetID = 84965B6220A3D90B0090D2BC;
					};
					84965B8520A3D90C0090D2BC = {
						CreatedOnToolsVersion = 9.3;
						TestTargetID = 84965B6220A3D90B0090D2BC;
					};
				};
			};
			buildConfigurationList = 84965B5E20A3D90B0090D2BC /* Build configuration list for PBXProject "CustomTag" */;
			compatibilityVersion = "Xcode 9.3";
			developmentRegion = en;
			hasScannedForEncodings = 0;
			knownRegions = (
				en,
				Base,
			);
			mainGroup = 84965B5A20A3D90B0090D2BC;
			productRefGroup = 84965B6420A3D90B0090D2BC /* Products */;
			projectDirPath = "";
			projectRoot = "";
			targets = (
				84965B6220A3D90B0090D2BC /* CustomTag */,
				84965B7A20A3D90B0090D2BC /* CustomTagTests */,
				84965B8520A3D90C0090D2BC /* CustomTagUITests */,
			);
		};
/* End PBXProject section */

/* Begin PBXResourcesBuildPhase section */
		84965B6120A3D90B0090D2BC /* Resources */ = {
			isa = PBXResourcesBuildPhase;
			buildActionMask = 2147483647;
			files = (
				84965B7320A3D90B0090D2BC /* LaunchScreen.storyboard in Resources */,
				84965B7020A3D90B0090D2BC /* Assets.xcassets in Resources */,
				84965B6E20A3D90B0090D2BC /* Main.storyboard in Resources */,
			);
			runOnlyForDeploymentPostprocessing = 0;
		};
		84965B7920A3D90B0090D2BC /* Resources */ = {
			isa = PBXResourcesBuildPhase;
			buildActionMask = 2147483647;
			files = (
			);
			runOnlyForDeploymentPostprocessing = 0;
		};
		84965B8420A3D90C0090D2BC /* Resources */ = {
			isa = PBXResourcesBuildPhase;
			buildActionMask = 2147483647;
			files = (
			);
			runOnlyForDeploymentPostprocessing = 0;
		};
/* End PBXResourcesBuildPhase section */

/* Begin PBXSourcesBuildPhase section */
		84965B5F20A3D90B0090D2BC /* Sources */ = {
			isa = PBXSourcesBuildPhase;
			buildActionMask = 2147483647;
			files = (
				84965B6B20A3D90B0090D2BC /* ViewController.m in Sources */,
				84965B7620A3D90B0090D2BC /* main.m in Sources */,
				84965B6820A3D90B0090D2BC /* AppDelegate.m in Sources */,
			);
			runOnlyForDeploymentPostprocessing = 0;
		};
		84965B7720A3D90B0090D2BC /* Sources */ = {
			isa = PBXSourcesBuildPhase;
			buildActionMask = 2147483647;
			files = (
				84965B8020A3D90B0090D2BC /* CustomTagTests.m in Sources */,
			);
			runOnlyForDeploymentPostprocessing = 0;
		};
		84965B8220A3D90C0090D2BC /* Sources */ = {
			isa = PBXSourcesBuildPhase;
			buildActionMask = 2147483647;
			files = (
				84965B8B20A3D90C0090D2BC /* CustomTagUITests.m in Sources */,
			);
			runOnlyForDeploymentPostprocessing = 0;
		};
/* End PBXSourcesBuildPhase section */

/* Begin PBXTargetDependency section */
		84965B7D20A3D90B0090D2BC /* PBXTargetDependency */ = {
			isa = PBXTargetDependency;
			target = 84965B6220A3D90B0090D2BC /* CustomTag */;
			targetProxy = 84965B7C20A3D90B0090D2BC /* PBXContainerItemProxy */;
		};
		84965B8820A3D90C0090D2BC /* PBXTargetDependency */ = {
			isa = PBXTargetDependency;
			target = 84965B6220A3D90B0090D2BC /* CustomTag */;
			targetProxy = 84965B8720A3D90C0090D2BC /* PBXContainerItemProxy */;
		};
/* End PBXTargetDependency section */

/* Begin PBXVariantGroup section */
		84965B6C20A3D90B0090D2BC /* Main.storyboard */ = {
			isa = PBXVariantGroup;
			children = (
				84965B6D20A3D90B0090D2BC /* Base */,
			);
			name = Main.storyboard;
			sourceTree = "<group>";
		};
		84965B7120A3D90B0090D2BC /* LaunchScreen.storyboard */ = {
			isa = PBXVariantGroup;
			children = (
				84965B7220A3D90B0090D2BC /* Base */,
			);
			name = LaunchScreen.storyboard;
			sourceTree = "<group>";
		};
/* End PBXVariantGroup section */

/* Begin XCBuildConfiguration section */
		84965B8D20A3D90C0090D2BC /* Debug */ = {
			isa = XCBuildConfiguration;
			buildSettings = {
				ALWAYS_SEARCH_USER_PATHS = NO;
				CLANG_ANALYZER_NONNULL = YES;
				CLANG_ANALYZER_NUMBER_OBJECT_CONVERSION = YES_AGGRESSIVE;
				CLANG_CXX_LANGUAGE_STANDARD = "gnu++14";
				CLANG_CXX_LIBRARY = "libc++";
				CLANG_ENABLE_MODULES = YES;
				CLANG_ENABLE_OBJC_ARC = YES;
				CLANG_ENABLE_OBJC_WEAK = YES;
				CLANG_WARN_BLOCK_CAPTURE_AUTORELEASING = YES;
				CLANG_WARN_BOOL_CONVERSION = YES;
				CLANG_WARN_COMMA = YES;
				CLANG_WARN_CONSTANT_CONVERSION = YES;
				CLANG_WARN_DEPRECATED_OBJC_IMPLEMENTATIONS = YES;
				CLANG_WARN_DIRECT_OBJC_ISA_USAGE = YES_ERROR;
				CLANG_WARN_DOCUMENTATION_COMMENTS = YES;
				CLANG_WARN_EMPTY_BODY = YES;
				CLANG_WARN_ENUM_CONVERSION = YES;
				CLANG_WARN_INFINITE_RECURSION = YES;
				CLANG_WARN_INT_CONVERSION = YES;
				CLANG_WARN_NON_LITERAL_NULL_CONVERSION = YES;
				CLANG_WARN_OBJC_IMPLICIT_RETAIN_SELF = YES;
				CLANG_WARN_OBJC_LITERAL_CONVERSION = YES;
				CLANG_WARN_OBJC_ROOT_CLASS = YES_ERROR;
				CLANG_WARN_RANGE_LOOP_ANALYSIS = YES;
				CLANG_WARN_STRICT_PROTOTYPES = YES;
				CLANG_WARN_SUSPICIOUS_MOVE = YES;
				CLANG_WARN_UNGUARDED_AVAILABILITY = YES_AGGRESSIVE;
				CLANG_WARN_UNREACHABLE_CODE = YES;
				CLANG_WARN__DUPLICATE_METHOD_MATCH = YES;
				CODE_SIGN_IDENTITY = "iPhone Developer";
				COPY_PHASE_STRIP = NO;
				DEBUG_INFORMATION_FORMAT = dwarf;
				ENABLE_STRICT_OBJC_MSGSEND = YES;
				ENABLE_TESTABILITY = YES;
				GCC_C_LANGUAGE_STANDARD = gnu11;
				GCC_DYNAMIC_NO_PIC = NO;
				GCC_NO_COMMON_BLOCKS = YES;
				GCC_OPTIMIZATION_LEVEL = 0;
				GCC_PREPROCESSOR_DEFINITIONS = (
					"DEBUG=1",
					"$(inherited)",
				);
				GCC_WARN_64_TO_32_BIT_CONVERSION = YES;
				GCC_WARN_ABOUT_RETURN_TYPE = YES_ERROR;
				GCC_WARN_UNDECLARED_SELECTOR = YES;
				GCC_WARN_UNINITIALIZED_AUTOS = YES_AGGRESSIVE;
				GCC_WARN_UNUSED_FUNCTION = YES;
				GCC_WARN_UNUSED_VARIABLE = YES;
				IPHONEOS_DEPLOYMENT_TARGET = 11.3;
				MTL_ENABLE_DEBUG_INFO = YES;
				ONLY_ACTIVE_ARCH = YES;
				SDKROOT = iphoneos;
			};
			name = Debug;
		};
		84965B8E20A3D90C0090D2BC /* Release */ = {
			isa = XCBuildConfiguration;
			buildSettings = {
				ALWAYS_SEARCH_USER_PATHS = NO;
				CLANG_ANALYZER_NONNULL = YES;
				CLANG_ANALYZER_NUMBER_OBJECT_CONVERSION = YES_AGGRESSIVE;
				CLANG_CXX_LANGUAGE_STANDARD = "gnu++14";
				CLANG_CXX_LIBRARY = "libc++";
				CLANG_ENABLE_MODULES = YES;
				CLANG_ENABLE_OBJC_ARC = YES;
				CLANG_ENABLE_OBJC_WEAK = YES;
				CLANG_WARN_BLOCK_CAPTURE_AUTORELEASING = YES;
				CLANG_WARN_BOOL_CONVERSION = YES;
				CLANG_WARN_COMMA = YES;
				CLANG_WARN_CONSTANT_CONVERSION = YES;
				CLANG_WARN_DEPRECATED_OBJC_IMPLEMENTATIONS = YES;
				CLANG_WARN_DIRECT_OBJC_ISA_USAGE = YES_ERROR;
				CLANG_WARN_DOCUMENTATION_COMMENTS = YES;
				CLANG_WARN_EMPTY_BODY = YES;
				CLANG_WARN_ENUM_CONVERSION = YES;
				CLANG_WARN_INFINITE_RECURSION = YES;
				CLANG_WARN_INT_CONVERSION = YES;
				CLANG_WARN_NON_LITERAL_NULL_CONVERSION = YES;
				CLANG_WARN_OBJC_IMPLICIT_RETAIN_SELF = YES;
				CLANG_WARN_OBJC_LITERAL_CONVERSION = YES;
				CLANG_WARN_OBJC_ROOT_CLASS = YES_ERROR;
				CLANG_WARN_RANGE_LOOP_ANALYSIS = YES;
				CLANG_WARN_STRICT_PROTOTYPES = YES;
				CLANG_WARN_SUSPICIOUS_MOVE = YES;
				CLANG_WARN_UNGUARDED_AVAILABILITY = YES_AGGRESSIVE;
				CLANG_WARN_UNREACHABLE_CODE = YES;
				CLANG_WARN__DUPLICATE_METHOD_MATCH = YES;
				CODE_SIGN_IDENTITY = "iPhone Developer";
				COPY_PHASE_STRIP = NO;
				DEBUG_INFORMATION_FORMAT = "dwarf-with-dsym";
				ENABLE_NS_ASSERTIONS = NO;
				ENABLE_STRICT_OBJC_MSGSEND = YES;
				GCC_C_LANGUAGE_STANDARD = gnu11;
				GCC_NO_COMMON_BLOCKS = YES;
				GCC_WARN_64_TO_32_BIT_CONVERSION = YES;
				GCC_WARN_ABOUT_RETURN_TYPE = YES_ERROR;
				GCC_WARN_UNDECLARED_SELECTOR = YES;
				GCC_WARN_UNINITIALIZED_AUTOS = YES_AGGRESSIVE;
				GCC_WARN_UNUSED_FUNCTION = YES;
				GCC_WARN_UNUSED_VARIABLE = YES;
				IPHONEOS_DEPLOYMENT_TARGET = 11.3;
				MTL_ENABLE_DEBUG_INFO = NO;
				SDKROOT = iphoneos;
				VALIDATE_PRODUCT = YES;
			};
			name = Release;
		};
		84965B9020A3D90C0090D2BC /* Debug */ = {
			isa = XCBuildConfiguration;
			buildSettings = {
				ASSETCATALOG_COMPILER_APPICON_NAME = AppIcon;
				CODE_SIGN_STYLE = Automatic;
				INFOPLIST_FILE = CustomTag/Info.plist;
				LD_RUNPATH_SEARCH_PATHS = (
					"$(inherited)",
					"@executable_path/Frameworks",
				);
				PRODUCT_BUNDLE_IDENTIFIER = MacPro.CustomTag;
				PRODUCT_NAME = "$(TARGET_NAME)";
				TARGETED_DEVICE_FAMILY = "1,2";
			};
			name = Debug;
		};
		84965B9120A3D90C0090D2BC /* Release */ = {
			isa = XCBuildConfiguration;
			buildSettings = {
				ASSETCATALOG_COMPILER_APPICON_NAME = AppIcon;
				CODE_SIGN_STYLE = Automatic;
				INFOPLIST_FILE = CustomTag/Info.plist;
				LD_RUNPATH_SEARCH_PATHS = (
					"$(inherited)",
					"@executable_path/Frameworks",
				);
				PRODUCT_BUNDLE_IDENTIFIER = MacPro.CustomTag;
				PRODUCT_NAME = "$(TARGET_NAME)";
				TARGETED_DEVICE_FAMILY = "1,2";
			};
			name = Release;
		};
		84965B9320A3D90C0090D2BC /* Debug */ = {
			isa = XCBuildConfiguration;
			buildSettings = {
				BUNDLE_LOADER = "$(TEST_HOST)";
				CODE_SIGN_STYLE = Automatic;
				INFOPLIST_FILE = CustomTagTests/Info.plist;
				LD_RUNPATH_SEARCH_PATHS = (
					"$(inherited)",
					"@executable_path/Frameworks",
					"@loader_path/Frameworks",
				);
				PRODUCT_BUNDLE_IDENTIFIER = MacPro.CustomTagTests;
				PRODUCT_NAME = "$(TARGET_NAME)";
				TARGETED_DEVICE_FAMILY = "1,2";
				TEST_HOST = "$(BUILT_PRODUCTS_DIR)/CustomTag.app/CustomTag";
			};
			name = Debug;
		};
		84965B9420A3D90C0090D2BC /* Release */ = {
			isa = XCBuildConfiguration;
			buildSettings = {
				BUNDLE_LOADER = "$(TEST_HOST)";
				CODE_SIGN_STYLE = Automatic;
				INFOPLIST_FILE = CustomTagTests/Info.plist;
				LD_RUNPATH_SEARCH_PATHS = (
					"$(inherited)",
					"@executable_path/Frameworks",
					"@loader_path/Frameworks",
				);
				PRODUCT_BUNDLE_IDENTIFIER = MacPro.CustomTagTests;
				PRODUCT_NAME = "$(TARGET_NAME)";
				TARGETED_DEVICE_FAMILY = "1,2";
				TEST_HOST = "$(BUILT_PRODUCTS_DIR)/CustomTag.app/CustomTag";
			};
			name = Release;
		};
		84965B9620A3D90C0090D2BC /* Debug */ = {
			isa = XCBuildConfiguration;
			buildSettings = {
				CODE_SIGN_STYLE = Automatic;
				INFOPLIST_FILE = CustomTagUITests/Info.plist;
				LD_RUNPATH_SEARCH_PATHS = (
					"$(inherited)",
					"@executable_path/Frameworks",
					"@loader_path/Frameworks",
				);
				PRODUCT_BUNDLE_IDENTIFIER = MacPro.CustomTagUITests;
				PRODUCT_NAME = "$(TARGET_NAME)";
				TARGETED_DEVICE_FAMILY = "1,2";
				TEST_TARGET_NAME = CustomTag;
			};
			name = Debug;
		};
		84965B9720A3D90C0090D2BC /* Release */ = {
			isa = XCBuildConfiguration;
			buildSettings = {
				CODE_SIGN_STYLE = Automatic;
				INFOPLIST_FILE = CustomTagUITests/Info.plist;
				LD_RUNPATH_SEARCH_PATHS = (
					"$(inherited)",
					"@executable_path/Frameworks",
					"@loader_path/Frameworks",
				);
				PRODUCT_BUNDLE_IDENTIFIER = MacPro.CustomTagUITests;
				PRODUCT_NAME = "$(TARGET_NAME)";
				TARGETED_DEVICE_FAMILY = "1,2";
				TEST_TARGET_NAME = CustomTag;
			};
			name = Release;
		};
/* End XCBuildConfiguration section */

/* Begin XCConfigurationList section */
		84965B5E20A3D90B0090D2BC /* Build configuration list for PBXProject "CustomTag" */ = {
			isa = XCConfigurationList;
			buildConfigurations = (
				84965B8D20A3D90C0090D2BC /* Debug */,
				84965B8E20A3D90C0090D2BC /* Release */,
			);
			defaultConfigurationIsVisible = 0;
			defaultConfigurationName = Release;
		};
		84965B8F20A3D90C0090D2BC /* Build configuration list for PBXNativeTarget "CustomTag" */ = {
			isa = XCConfigurationList;
			buildConfigurations = (
				84965B9020A3D90C0090D2BC /* Debug */,
				84965B9120A3D90C0090D2BC /* Release */,
			);
			defaultConfigurationIsVisible = 0;
			defaultConfigurationName = Release;
		};
		84965B9220A3D90C0090D2BC /* Build configuration list for PBXNativeTarget "CustomTagTests" */ = {
			isa = XCConfigurationList;
			buildConfigurations = (
				84965B9320A3D90C0090D2BC /* Debug */,
				84965B9420A3D90C0090D2BC /* Release */,
			);
			defaultConfigurationIsVisible = 0;
			defaultConfigurationName = Release;
		};
		84965B9520A3D90C0090D2BC /* Build configuration list for PBXNativeTarget "CustomTagUITests" */ = {
			isa = XCConfigurationList;
			buildConfigurations = (
				84965B9620A3D90C0090D2BC /* Debug */,
				84965B9720A3D90C0090D2BC /* Release */,
			);
			defaultConfigurationIsVisible = 0;
			defaultConfigurationName = Release;
		};
/* End XCConfigurationList section */
	};
	rootObject = 84965B5B20A3D90B0090D2BC /* Project object */;
}
